
Microsoft Visual Studio Solution File, Format Version 12.00
# Visual Studio 2013
VisualStudioVersion = 12.0.21005.1
MinimumVisualStudioVersion = 10.0.40219.1
Project("{E24C65DC-7377-472B-9ABA-BC803B73C61A}") = "miniProjetoWebApp(1)", "http://localhost:1264", "{422B99EC-BBA5-44AF-B423-85A96174E627}"
	ProjectSection(WebsiteProperties) = preProject
		UseIISExpress = "true"
		TargetFrameworkMoniker = ".NETFramework,Version%3Dv4.5"
		Debug.AspNetCompiler.VirtualPath = "/localhost_1264"
		Debug.AspNetCompiler.PhysicalPath = "..\miniProjetoWebApp\"
		Debug.AspNetCompiler.TargetPath = "PrecompiledWeb\localhost_1264\"
		Debug.AspNetCompiler.Updateable = "true"
		Debug.AspNetCompiler.ForceOverwrite = "true"
		Debug.AspNetCompiler.FixedNames = "false"
		Debug.AspNetCompiler.Debug = "True"
		Release.AspNetCompiler.VirtualPath = "/localhost_1264"
		Release.AspNetCompiler.PhysicalPath = "..\miniProjetoWebApp\"
		Release.AspNetCompiler.TargetPath = "PrecompiledWeb\localhost_1264\"
		Release.AspNetCompiler.Updateable = "true"
		Release.AspNetCompiler.ForceOverwrite = "true"
		Release.AspNetCompiler.FixedNames = "false"
		Release.AspNetCompiler.Debug = "False"
		SlnRelativePath = "..\miniProjetoWebApp\"
	EndProjectSection
EndProject
Global
	GlobalSection(SolutionConfigurationPlatforms) = preSolution
		Debug|Any CPU = Debug|Any CPU
	EndGlobalSection
	GlobalSection(ProjectConfigurationPlatforms) = postSolution
		{422B99EC-BBA5-44AF-B423-85A96174E627}.Debug|Any CPU.ActiveCfg = Debug|Any CPU
		{422B99EC-BBA5-44AF-B423-85A96174E627}.Debug|Any CPU.Build.0 = Debug|Any CPU
	EndGlobalSection
	GlobalSection(SolutionProperties) = preSolution
		HideSolutionNode = FALSE
	EndGlobalSection
EndGlobal
